// !$*UTF8*$!
{
	archiveVersion = 1;
	classes = {
	};
	objectVersion = 46;
	objects = {

/* Begin PBXBuildFile section */
		3EB338921C34DAB3007B8E46 /* main.m in Sources */ = {isa = PBXBuildFile; fileRef = 3EB338911C34DAB3007B8E46 /* main.m */; };
		3EB338951C34DAB3007B8E46 /* AppDelegate.m in Sources */ = {isa = PBXBuildFile; fileRef = 3EB338941C34DAB3007B8E46 /* AppDelegate.m */; };
		3EB338981C34DAB3007B8E46 /* ViewController.m in Sources */ = {isa = PBXBuildFile; fileRef = 3EB338971C34DAB3007B8E46 /* ViewController.m */; };
		3EB3389B1C34DAB3007B8E46 /* Main.storyboard in Resources */ = {isa = PBXBuildFile; fileRef = 3EB338991C34DAB3007B8E46 /* Main.storyboard */; };
		3EB3389E1C34DAB3007B8E46 /* YzHeadlines.xcdatamodeld in Sources */ = {isa = PBXBuildFile; fileRef = 3EB3389C1C34DAB3007B8E46 /* YzHeadlines.xcdatamodeld */; };
		3EB338A01C34DAB3007B8E46 /* Assets.xcassets in Resources */ = {isa = PBXBuildFile; fileRef = 3EB3389F1C34DAB3007B8E46 /* Assets.xcassets */; };
		3EB338A31C34DAB3007B8E46 /* LaunchScreen.storyboard in Resources */ = {isa = PBXBuildFile; fileRef = 3EB338A11C34DAB3007B8E46 /* LaunchScreen.storyboard */; };
/* End PBXBuildFile section */

/* Begin PBXFileReference section */
		3EB3388D1C34DAB3007B8E46 /* YzHeadlines.app */ = {isa = PBXFileReference; explicitFileType = wrapper.application; includeInIndex = 0; path = YzHeadlines.app; sourceTree = BUILT_PRODUCTS_DIR; };
		3EB338911C34DAB3007B8E46 /* main.m */ = {isa = PBXFileReference; lastKnownFileType = sourcecode.c.objc; path = main.m; sourceTree = "<group>"; };
		3EB338931C34DAB3007B8E46 /* AppDelegate.h */ = {isa = PBXFileReference; lastKnownFileType = sourcecode.c.h; path = AppDelegate.h; sourceTree = "<group>"; };
		3EB338941C34DAB3007B8E46 /* AppDelegate.m */ = {isa = PBXFileReference; lastKnownFileType = sourcecode.c.objc; path = AppDelegate.m; sourceTree = "<group>"; };
		3EB338961C34DAB3007B8E46 /* ViewController.h */ = {isa = PBXFileReference; lastKnownFileType = sourcecode.c.h; path = ViewController.h; sourceTree = "<group>"; };
		3EB338971C34DAB3007B8E46 /* ViewController.m */ = {isa = PBXFileReference; lastKnownFileType = sourcecode.c.objc; path = ViewController.m; sourceTree = "<group>"; };
		3EB3389A1C34DAB3007B8E46 /* Base */ = {isa = PBXFileReference; lastKnownFileType = file.storyboard; name = Base; path = Base.lproj/Main.storyboard; sourceTree = "<group>"; };
		3EB3389D1C34DAB3007B8E46 /* YzHeadlines.xcdatamodel */ = {isa = PBXFileReference; lastKnownFileType = wrapper.xcdatamodel; path = YzHeadlines.xcdatamodel; sourceTree = "<group>"; };
		3EB3389F1C34DAB3007B8E46 /* Assets.xcassets */ = {isa = PBXFileReference; lastKnownFileType = folder.assetcatalog; path = Assets.xcassets; sourceTree = "<group>"; };
		3EB338A21C34DAB3007B8E46 /* Base */ = {isa = PBXFileReference; lastKnownFileType = file.storyboard; name = Base; path = Base.lproj/LaunchScreen.storyboard; sourceTree = "<group>"; };
		3EB338A41C34DAB3007B8E46 /* Info.plist */ = {isa = PBXFileReference; lastKnownFileType = text.plist.xml; path = Info.plist; sourceTree = "<group>"; };
/* End PBXFileReference section */

/* Begin PBXFrameworksBuildPhase section */
		3EB3388A1C34DAB3007B8E46 /* Frameworks */ = {
			isa = PBXFrameworksBuildPhase;
			buildActionMask = 2147483647;
			files = (
			);
			runOnlyForDeploymentPostprocessing = 0;
		};
/* End PBXFrameworksBuildPhase section */

/* Begin PBXGroup section */
		3EB338841C34DAB3007B8E46 = {
			isa = PBXGroup;
			children = (
				3EB3388F1C34DAB3007B8E46 /* YzHeadlines */,
				3EB3388E1C34DAB3007B8E46 /* Products */,
			);
			sourceTree = "<group>";
		};
		3EB3388E1C34DAB3007B8E46 /* Products */ = {
			isa = PBXGroup;
			children = (
				3EB3388D1C34DAB3007B8E46 /* YzHeadlines.app */,
			);
			name = Products;
			sourceTree = "<group>";
		};
		3EB3388F1C34DAB3007B8E46 /* YzHeadlines */ = {
			isa = PBXGroup;
			children = (
				3EB338931C34DAB3007B8E46 /* AppDelegate.h */,
				3EB338941C34DAB3007B8E46 /* AppDelegate.m */,
				3EB338961C34DAB3007B8E46 /* ViewController.h */,
				3EB338971C34DAB3007B8E46 /* ViewController.m */,
				3EB338991C34DAB3007B8E46 /* Main.storyboard */,
				3EB3389F1C34DAB3007B8E46 /* Assets.xcassets */,
				3EB338A11C34DAB3007B8E46 /* LaunchScreen.storyboard */,
				3EB338A41C34DAB3007B8E46 /* Info.plist */,
				3EB3389C1C34DAB3007B8E46 /* YzHeadlines.xcdatamodeld */,
				3EB338901C34DAB3007B8E46 /* Supporting Files */,
			);
			path = YzHeadlines;
			sourceTree = "<group>";
		};
		3EB338901C34DAB3007B8E46 /* Supporting Files */ = {
			isa = PBXGroup;
			children = (
				3EB338911C34DAB3007B8E46 /* main.m */,
			);
			name = "Supporting Files";
			sourceTree = "<group>";
		};
/* End PBXGroup section */

/* Begin PBXNativeTarget section */
		3EB3388C1C34DAB3007B8E46 /* YzHeadlines */ = {
			isa = PBXNativeTarget;
			buildConfigurationList = 3EB338A71C34DAB3007B8E46 /* Build configuration list for PBXNativeTarget "YzHeadlines" */;
			buildPhases = (
				3EB338891C34DAB3007B8E46 /* Sources */,
				3EB3388A1C34DAB3007B8E46 /* Frameworks */,
				3EB3388B1C34DAB3007B8E46 /* Resources */,
			);
			buildRules = (
			);
			dependencies = (
			);
			name = YzHeadlines;
			productName = YzHeadlines;
			productReference = 3EB3388D1C34DAB3007B8E46 /* YzHeadlines.app */;
			productType = "com.apple.product-type.application";
		};
/* End PBXNativeTarget section */

/* Begin PBXProject section */
		3EB338851C34DAB3007B8E46 /* Project object */ = {
			isa = PBXProject;
			attributes = {
				LastUpgradeCheck = 0720;
				ORGANIZATIONNAME = yzs;
				TargetAttributes = {
					3EB3388C1C34DAB3007B8E46 = {
						CreatedOnToolsVersion = 7.2;
					};
				};
			};
			buildConfigurationList = 3EB338881C34DAB3007B8E46 /* Build configuration list for PBXProject "YzHeadlines" */;
			compatibilityVersion = "Xcode 3.2";
			developmentRegion = English;
			hasScannedForEncodings = 0;
			knownRegions = (
				en,
				Base,
			);
			mainGroup = 3EB338841C34DAB3007B8E46;
			productRefGroup = 3EB3388E1C34DAB3007B8E46 /* Products */;
			projectDirPath = "";
			projectRoot = "";
			targets = (
				3EB3388C1C34DAB3007B8E46 /* YzHeadlines */,
			);
		};
/* End PBXProject section */

/* Begin PBXResourcesBuildPhase section */
		3EB3388B1C34DAB3007B8E46 /* Resources */ = {
			isa = PBXResourcesBuildPhase;
			buildActionMask = 2147483647;
			files = (
				3EB338A31C34DAB3007B8E46 /* LaunchScreen.storyboard in Resources */,
				3EB338A01C34DAB3007B8E46 /* Assets.xcassets in Resources */,
				3EB3389B1C34DAB3007B8E46 /* Main.storyboard in Resources */,
			);
			runOnlyForDeploymentPostprocessing = 0;
		};
/* End PBXResourcesBuildPhase section */

/* Begin PBXSourcesBuildPhase section */
		3EB338891C34DAB3007B8E46 /* Sources */ = {
			isa = PBXSourcesBuildPhase;
			buildActionMask = 2147483647;
			files = (
				3EB3389E1C34DAB3007B8E46 /* YzHeadlines.xcdatamodeld in Sources */,
				3EB338981C34DAB3007B8E46 /* ViewController.m in Sources */,
				3EB338951C34DAB3007B8E46 /* AppDelegate.m in Sources */,
				3EB338921C34DAB3007B8E46 /* main.m in Sources */,
			);
			runOnlyForDeploymentPostprocessing = 0;
		};
/* End PBXSourcesBuildPhase section */

/* Begin PBXVariantGroup section */
		3EB338991C34DAB3007B8E46 /* Main.storyboard */ = {
			isa = PBXVariantGroup;
			children = (
				3EB3389A1C34DAB3007B8E46 /* Base */,
			);
			name = Main.storyboard;
			sourceTree = "<group>";
		};
		3EB338A11C34DAB3007B8E46 /* LaunchScreen.storyboard */ = {
			isa = PBXVariantGroup;
			children = (
				3EB338A21C34DAB3007B8E46 /* Base */,
			);
			name = LaunchScreen.storyboard;
			sourceTree = "<group>";
		};
/* End PBXVariantGroup section */

/* Begin XCBuildConfiguration section */
		3EB338A51C34DAB3007B8E46 /* Debug */ = {
			isa = XCBuildConfiguration;
			buildSettings = {
				ALWAYS_SEARCH_USER_PATHS = NO;
				CLANG_CXX_LANGUAGE_STANDARD = "gnu++0x";
				CLANG_CXX_LIBRARY = "libc++";
				CLANG_ENABLE_MODULES = YES;
				CLANG_ENABLE_OBJC_ARC = YES;
				CLANG_WARN_BOOL_CONVERSION = YES;
				CLANG_WARN_CONSTANT_CONVERSION = YES;
				CLANG_WARN_DIRECT_OBJC_ISA_USAGE = YES_ERROR;
				CLANG_WARN_EMPTY_BODY = YES;
				CLANG_WARN_ENUM_CONVERSION = YES;
				CLANG_WARN_INT_CONVERSION = YES;
				CLANG_WARN_OBJC_ROOT_CLASS = YES_ERROR;
				CLANG_WARN_UNREACHABLE_CODE = YES;
				CLANG_WARN__DUPLICATE_METHOD_MATCH = YES;
				"CODE_SIGN_IDENTITY[sdk=iphoneos*]" = "iPhone Developer";
				COPY_PHASE_STRIP = NO;
				DEBUG_INFORMATION_FORMAT = dwarf;
				ENABLE_STRICT_OBJC_MSGSEND = YES;
				ENABLE_TESTABILITY = YES;
				GCC_C_LANGUAGE_STANDARD = gnu99;
				GCC_DYNAMIC_NO_PIC = NO;
				GCC_NO_COMMON_BLOCKS = YES;
				GCC_OPTIMIZATION_LEVEL = 0;
				GCC_PREPROCESSOR_DEFINITIONS = (
					"DEBUG=1",
					"$(inherited)",
				);
				GCC_WARN_64_TO_32_BIT_CONVERSION = YES;
				GCC_WARN_ABOUT_RETURN_TYPE = YES_ERROR;
				GCC_WARN_UNDECLARED_SELECTOR = YES;
				GCC_WARN_UNINITIALIZED_AUTOS = YES_AGGRESSIVE;
				GCC_WARN_UNUSED_FUNCTION = YES;
				GCC_WARN_UNUSED_VARIABLE = YES;
				IPHONEOS_DEPLOYMENT_TARGET = 9.2;
				MTL_ENABLE_DEBUG_INFO = YES;
				ONLY_ACTIVE_ARCH = YES;
				SDKROOT = iphoneos;
			};
			name = Debug;
		};
		3EB338A61C34DAB3007B8E46 /* Release */ = {
			isa = XCBuildConfiguration;
			buildSettings = {
				ALWAYS_SEARCH_USER_PATHS = NO;
				CLANG_CXX_LANGUAGE_STANDARD = "gnu++0x";
				CLANG_CXX_LIBRARY = "libc++";
				CLANG_ENABLE_MODULES = YES;
				CLANG_ENABLE_OBJC_ARC = YES;
				CLANG_WARN_BOOL_CONVERSION = YES;
				CLANG_WARN_CONSTANT_CONVERSION = YES;
				CLANG_WARN_DIRECT_OBJC_ISA_USAGE = YES_ERROR;
				CLANG_WARN_EMPTY_BODY = YES;
				CLANG_WARN_ENUM_CONVERSION = YES;
				CLANG_WARN_INT_CONVERSION = YES;
				CLANG_WARN_OBJC_ROOT_CLASS = YES_ERROR;
				CLANG_WARN_UNREACHABLE_CODE = YES;
				CLANG_WARN__DUPLICATE_METHOD_MATCH = YES;
				"CODE_SIGN_IDENTITY[sdk=iphoneos*]" = "iPhone Developer";
				COPY_PHASE_STRIP = NO;
				DEBUG_INFORMATION_FORMAT = "dwarf-with-dsym";
				ENABLE_NS_ASSERTIONS = NO;
				ENABLE_STRICT_OBJC_MSGSEND = YES;
				GCC_C_LANGUAGE_STANDARD = gnu99;
				GCC_NO_COMMON_BLOCKS = YES;
				GCC_WARN_64_TO_32_BIT_CONVERSION = YES;
				GCC_WARN_ABOUT_RETURN_TYPE = YES_ERROR;
				GCC_WARN_UNDECLARED_SELECTOR = YES;
				GCC_WARN_UNINITIALIZED_AUTOS = YES_AGGRESSIVE;
				GCC_WARN_UNUSED_FUNCTION = YES;
				GCC_WARN_UNUSED_VARIABLE = YES;
				IPHONEOS_DEPLOYMENT_TARGET = 9.2;
				MTL_ENABLE_DEBUG_INFO = NO;
				SDKROOT = iphoneos;
				VALIDATE_PRODUCT = YES;
			};
			name = Release;
		};
		3EB338A81C34DAB3007B8E46 /* Debug */ = {
			isa = XCBuildConfiguration;
			buildSettings = {
				ASSETCATALOG_COMPILER_APPICON_NAME = AppIcon;
				INFOPLIST_FILE = YzHeadlines/Info.plist;
				LD_RUNPATH_SEARCH_PATHS = "$(inherited) @executable_path/Frameworks";
				PRODUCT_BUNDLE_IDENTIFIER = yzs.YzHeadlines;
				PRODUCT_NAME = "$(TARGET_NAME)";
			};
			name = Debug;
		};
		3EB338A91C34DAB3007B8E46 /* Release */ = {
			isa = XCBuildConfiguration;
			buildSettings = {
				ASSETCATALOG_COMPILER_APPICON_NAME = AppIcon;
				INFOPLIST_FILE = YzHeadlines/Info.plist;
				LD_RUNPATH_SEARCH_PATHS = "$(inherited) @executable_path/Frameworks";
				PRODUCT_BUNDLE_IDENTIFIER = yzs.YzHeadlines;
				PRODUCT_NAME = "$(TARGET_NAME)";
			};
			name = Release;
		};
/* End XCBuildConfiguration section */

/* Begin XCConfigurationList section */
		3EB338881C34DAB3007B8E46 /* Build configuration list for PBXProject "YzHeadlines" */ = {
			isa = XCConfigurationList;
			buildConfigurations = (
				3EB338A51C34DAB3007B8E46 /* Debug */,
				3EB338A61C34DAB3007B8E46 /* Release */,
			);
			defaultConfigurationIsVisible = 0;
			defaultConfigurationName = Release;
		};
		3EB338A71C34DAB3007B8E46 /* Build configuration list for PBXNativeTarget "YzHeadlines" */ = {
			isa = XCConfigurationList;
			buildConfigurations = (
				3EB338A81C34DAB3007B8E46 /* Debug */,
				3EB338A91C34DAB3007B8E46 /* Release */,
			);
			defaultConfigurationIsVisible = 0;
		};
/* End XCConfigurationList section */

/* Begin XCVersionGroup section */
		3EB3389C1C34DAB3007B8E46 /* YzHeadlines.xcdatamodeld */ = {
			isa = XCVersionGroup;
			children = (
				3EB3389D1C34DAB3007B8E46 /* YzHeadlines.xcdatamodel */,
			);
			currentVersion = 3EB3389D1C34DAB3007B8E46 /* YzHeadlines.xcdatamodel */;
			path = YzHeadlines.xcdatamodeld;
			sourceTree = "<group>";
			versionGroupType = wrapper.xcdatamodel;
		};
/* End XCVersionGroup section */
	};
	rootObject = 3EB338851C34DAB3007B8E46 /* Project object */;
}
